
Microsoft Visual Studio Solution File, Format Version 12.00
# Visual Studio Version 17
VisualStudioVersion = 17.1.32210.238
MinimumVisualStudioVersion = 10.0.40219.1
Project("{FAE04EC0-301F-11D3-BF4B-00C04F79EFBC}") = "LV.Demo1.UI", "LV.Demo1.UI\LV.Demo1.UI.csproj", "{B6579F12-9820-4C06-84A3-5B3B69BBDD79}"
EndProject
Global
	GlobalSection(SolutionConfigurationPlatforms) = preSolution
		Debug|Any CPU = Debug|Any CPU
		Release|Any CPU = Release|Any CPU
	EndGlobalSection
	GlobalSection(ProjectConfigurationPlatforms) = postSolution
		{B6579F12-9820-4C06-84A3-5B3B69BBDD79}.Debug|Any CPU.ActiveCfg = Debug|Any CPU
		{B6579F12-9820-4C06-84A3-5B3B69BBDD79}.Debug|Any CPU.Build.0 = Debug|Any CPU
		{B6579F12-9820-4C06-84A3-5B3B69BBDD79}.Release|Any CPU.ActiveCfg = Release|Any CPU
		{B6579F12-9820-4C06-84A3-5B3B69BBDD79}.Release|Any CPU.Build.0 = Release|Any CPU
	EndGlobalSection
	GlobalSection(SolutionProperties) = preSolution
		HideSolutionNode = FALSE
	EndGlobalSection
	GlobalSection(ExtensibilityGlobals) = postSolution
		SolutionGuid = {399102A7-A5FB-4D64-8C3D-23D06B4A6B82}
	EndGlobalSection
EndGlobal
