
Microsoft Visual Studio Solution File, Format Version 12.00
# Visual Studio Version 17
VisualStudioVersion = 17.3.32825.248
MinimumVisualStudioVersion = 10.0.40219.1
Project("{FAE04EC0-301F-11D3-BF4B-00C04F79EFBC}") = "LV.GuessingGame.UI", "LV.GuessingGame.UI\LV.GuessingGame.UI.csproj", "{BACAD050-BC33-45DC-A93B-8DEB91DBE1B2}"
EndProject
Global
	GlobalSection(SolutionConfigurationPlatforms) = preSolution
		Debug|Any CPU = Debug|Any CPU
		Release|Any CPU = Release|Any CPU
	EndGlobalSection
	GlobalSection(ProjectConfigurationPlatforms) = postSolution
		{BACAD050-BC33-45DC-A93B-8DEB91DBE1B2}.Debug|Any CPU.ActiveCfg = Debug|Any CPU
		{BACAD050-BC33-45DC-A93B-8DEB91DBE1B2}.Debug|Any CPU.Build.0 = Debug|Any CPU
		{BACAD050-BC33-45DC-A93B-8DEB91DBE1B2}.Release|Any CPU.ActiveCfg = Release|Any CPU
		{BACAD050-BC33-45DC-A93B-8DEB91DBE1B2}.Release|Any CPU.Build.0 = Release|Any CPU
	EndGlobalSection
	GlobalSection(SolutionProperties) = preSolution
		HideSolutionNode = FALSE
	EndGlobalSection
	GlobalSection(ExtensibilityGlobals) = postSolution
		SolutionGuid = {BA749EAC-9476-4D32-B100-05C4B1149C3F}
	EndGlobalSection
EndGlobal
