
Microsoft Visual Studio Solution File, Format Version 12.00
# Visual Studio Version 17
VisualStudioVersion = 17.3.32825.248
MinimumVisualStudioVersion = 10.0.40219.1
Project("{FAE04EC0-301F-11D3-BF4B-00C04F79EFBC}") = "LV.MethodsDemo.UI", "LV.MethodsDemo.UI\LV.MethodsDemo.UI.csproj", "{60A45A03-3058-4934-9357-0CF3B494C2AB}"
EndProject
Global
	GlobalSection(SolutionConfigurationPlatforms) = preSolution
		Debug|Any CPU = Debug|Any CPU
		Release|Any CPU = Release|Any CPU
	EndGlobalSection
	GlobalSection(ProjectConfigurationPlatforms) = postSolution
		{60A45A03-3058-4934-9357-0CF3B494C2AB}.Debug|Any CPU.ActiveCfg = Debug|Any CPU
		{60A45A03-3058-4934-9357-0CF3B494C2AB}.Debug|Any CPU.Build.0 = Debug|Any CPU
		{60A45A03-3058-4934-9357-0CF3B494C2AB}.Release|Any CPU.ActiveCfg = Release|Any CPU
		{60A45A03-3058-4934-9357-0CF3B494C2AB}.Release|Any CPU.Build.0 = Release|Any CPU
	EndGlobalSection
	GlobalSection(SolutionProperties) = preSolution
		HideSolutionNode = FALSE
	EndGlobalSection
	GlobalSection(ExtensibilityGlobals) = postSolution
		SolutionGuid = {0969060E-EA9A-4FD2-8542-1A656995CB82}
	EndGlobalSection
EndGlobal
