
Microsoft Visual Studio Solution File, Format Version 12.00
# Visual Studio Version 17
VisualStudioVersion = 17.1.32210.238
MinimumVisualStudioVersion = 10.0.40219.1
Project("{FAE04EC0-301F-11D3-BF4B-00C04F79EFBC}") = "LV.Project2.2.UI", "LV.Project2.2.UI\LV.Project2.2.UI.csproj", "{F452968B-BA82-48F0-AE92-21B403C53888}"
EndProject
Global
	GlobalSection(SolutionConfigurationPlatforms) = preSolution
		Debug|Any CPU = Debug|Any CPU
		Release|Any CPU = Release|Any CPU
	EndGlobalSection
	GlobalSection(ProjectConfigurationPlatforms) = postSolution
		{F452968B-BA82-48F0-AE92-21B403C53888}.Debug|Any CPU.ActiveCfg = Debug|Any CPU
		{F452968B-BA82-48F0-AE92-21B403C53888}.Debug|Any CPU.Build.0 = Debug|Any CPU
		{F452968B-BA82-48F0-AE92-21B403C53888}.Release|Any CPU.ActiveCfg = Release|Any CPU
		{F452968B-BA82-48F0-AE92-21B403C53888}.Release|Any CPU.Build.0 = Release|Any CPU
	EndGlobalSection
	GlobalSection(SolutionProperties) = preSolution
		HideSolutionNode = FALSE
	EndGlobalSection
	GlobalSection(ExtensibilityGlobals) = postSolution
		SolutionGuid = {4461EE70-CD2A-43EE-AB8A-D57D37778855}
	EndGlobalSection
EndGlobal
