
Microsoft Visual Studio Solution File, Format Version 12.00
# Visual Studio Version 17
VisualStudioVersion = 17.3.32825.248
MinimumVisualStudioVersion = 10.0.40219.1
Project("{FAE04EC0-301F-11D3-BF4B-00C04F79EFBC}") = "LV.StringManipulation.UI", "LV.StringManipulation.UI\LV.StringManipulation.UI.csproj", "{990720FF-3416-453C-993F-167B3B58A428}"
EndProject
Global
	GlobalSection(SolutionConfigurationPlatforms) = preSolution
		Debug|Any CPU = Debug|Any CPU
		Release|Any CPU = Release|Any CPU
	EndGlobalSection
	GlobalSection(ProjectConfigurationPlatforms) = postSolution
		{990720FF-3416-453C-993F-167B3B58A428}.Debug|Any CPU.ActiveCfg = Debug|Any CPU
		{990720FF-3416-453C-993F-167B3B58A428}.Debug|Any CPU.Build.0 = Debug|Any CPU
		{990720FF-3416-453C-993F-167B3B58A428}.Release|Any CPU.ActiveCfg = Release|Any CPU
		{990720FF-3416-453C-993F-167B3B58A428}.Release|Any CPU.Build.0 = Release|Any CPU
	EndGlobalSection
	GlobalSection(SolutionProperties) = preSolution
		HideSolutionNode = FALSE
	EndGlobalSection
	GlobalSection(ExtensibilityGlobals) = postSolution
		SolutionGuid = {C40EDDB8-5C78-47F1-81EA-0D11F3546593}
	EndGlobalSection
EndGlobal
