
Microsoft Visual Studio Solution File, Format Version 12.00
# Visual Studio Version 17
VisualStudioVersion = 17.3.32825.248
MinimumVisualStudioVersion = 10.0.40219.1
Project("{FAE04EC0-301F-11D3-BF4B-00C04F79EFBC}") = "LV.SwitchCase.UI", "LV.SwitchCase.UI\LV.SwitchCase.UI.csproj", "{A8BD1705-3A71-48BA-92C5-99AEDE1D02FF}"
EndProject
Global
	GlobalSection(SolutionConfigurationPlatforms) = preSolution
		Debug|Any CPU = Debug|Any CPU
		Release|Any CPU = Release|Any CPU
	EndGlobalSection
	GlobalSection(ProjectConfigurationPlatforms) = postSolution
		{A8BD1705-3A71-48BA-92C5-99AEDE1D02FF}.Debug|Any CPU.ActiveCfg = Debug|Any CPU
		{A8BD1705-3A71-48BA-92C5-99AEDE1D02FF}.Debug|Any CPU.Build.0 = Debug|Any CPU
		{A8BD1705-3A71-48BA-92C5-99AEDE1D02FF}.Release|Any CPU.ActiveCfg = Release|Any CPU
		{A8BD1705-3A71-48BA-92C5-99AEDE1D02FF}.Release|Any CPU.Build.0 = Release|Any CPU
	EndGlobalSection
	GlobalSection(SolutionProperties) = preSolution
		HideSolutionNode = FALSE
	EndGlobalSection
	GlobalSection(ExtensibilityGlobals) = postSolution
		SolutionGuid = {E2DDE79B-9B71-46BB-B94F-031AD547B464}
	EndGlobalSection
EndGlobal
