
Microsoft Visual Studio Solution File, Format Version 12.00
# Visual Studio Version 17
VisualStudioVersion = 17.3.32825.248
MinimumVisualStudioVersion = 10.0.40219.1
Project("{FAE04EC0-301F-11D3-BF4B-00C04F79EFBC}") = "LV.Assignment9.UI", "LV.Assignment9.UI\LV.Assignment9.UI.csproj", "{6C53324D-C557-462C-8139-D132F193B749}"
EndProject
Global
	GlobalSection(SolutionConfigurationPlatforms) = preSolution
		Debug|Any CPU = Debug|Any CPU
		Release|Any CPU = Release|Any CPU
	EndGlobalSection
	GlobalSection(ProjectConfigurationPlatforms) = postSolution
		{6C53324D-C557-462C-8139-D132F193B749}.Debug|Any CPU.ActiveCfg = Debug|Any CPU
		{6C53324D-C557-462C-8139-D132F193B749}.Debug|Any CPU.Build.0 = Debug|Any CPU
		{6C53324D-C557-462C-8139-D132F193B749}.Release|Any CPU.ActiveCfg = Release|Any CPU
		{6C53324D-C557-462C-8139-D132F193B749}.Release|Any CPU.Build.0 = Release|Any CPU
	EndGlobalSection
	GlobalSection(SolutionProperties) = preSolution
		HideSolutionNode = FALSE
	EndGlobalSection
	GlobalSection(ExtensibilityGlobals) = postSolution
		SolutionGuid = {729B0F88-6765-4673-BFE9-3E0844FC152D}
	EndGlobalSection
EndGlobal
